
Microsoft Visual Studio Solution File, Format Version 12.00
# Visual Studio Version 16
VisualStudioVersion = 16.0.33214.272
MinimumVisualStudioVersion = 10.0.40219.1
Project("{FAE04EC0-301F-11D3-BF4B-00C04F79EFBC}") = "CIS152FinalWiedmier", "CIS152FinalWiedmier\CIS152FinalWiedmier.csproj", "{D422E203-DD16-4AF7-A337-70E192631444}"
EndProject
Global
	GlobalSection(SolutionConfigurationPlatforms) = preSolution
		Debug|Any CPU = Debug|Any CPU
		Release|Any CPU = Release|Any CPU
	EndGlobalSection
	GlobalSection(ProjectConfigurationPlatforms) = postSolution
		{D422E203-DD16-4AF7-A337-70E192631444}.Debug|Any CPU.ActiveCfg = Debug|Any CPU
		{D422E203-DD16-4AF7-A337-70E192631444}.Debug|Any CPU.Build.0 = Debug|Any CPU
		{D422E203-DD16-4AF7-A337-70E192631444}.Release|Any CPU.ActiveCfg = Release|Any CPU
		{D422E203-DD16-4AF7-A337-70E192631444}.Release|Any CPU.Build.0 = Release|Any CPU
	EndGlobalSection
	GlobalSection(SolutionProperties) = preSolution
		HideSolutionNode = FALSE
	EndGlobalSection
	GlobalSection(ExtensibilityGlobals) = postSolution
		SolutionGuid = {956D0A7F-59A1-47D2-B04B-4E7EDADEE68C}
	EndGlobalSection
EndGlobal
